
Microsoft Visual Studio Solution File, Format Version 12.00
# Visual Studio 15
VisualStudioVersion = 15.0.28307.106
MinimumVisualStudioVersion = 10.0.40219.1
Project("{9A19103F-16F7-4668-BE54-9A1E7A4F7556}") = "ReadText.LocalizedDemo", "ReadText.LocalizedDemo.csproj", "{F9D3B288-1A73-4C91-8ED7-11ED1704B817}"
EndProject
Project("{9A19103F-16F7-4668-BE54-9A1E7A4F7556}") = "CommandLine", "..\..\src\CommandLine\CommandLine.csproj", "{A03AADAC-F7E5-44A6-8BCC-492B1697CCC9}"
EndProject
Global
	GlobalSection(SolutionConfigurationPlatforms) = preSolution
		Debug|Any CPU = Debug|Any CPU
		Release|Any CPU = Release|Any CPU
	EndGlobalSection
	GlobalSection(ProjectConfigurationPlatforms) = postSolution
		{F9D3B288-1A73-4C91-8ED7-11ED1704B817}.Debug|Any CPU.ActiveCfg = Debug|Any CPU
		{F9D3B288-1A73-4C91-8ED7-11ED1704B817}.Debug|Any CPU.Build.0 = Debug|Any CPU
		{F9D3B288-1A73-4C91-8ED7-11ED1704B817}.Release|Any CPU.ActiveCfg = Release|Any CPU
		{F9D3B288-1A73-4C91-8ED7-11ED1704B817}.Release|Any CPU.Build.0 = Release|Any CPU
		{A03AADAC-F7E5-44A6-8BCC-492B1697CCC9}.Debug|Any CPU.ActiveCfg = Debug|Any CPU
		{A03AADAC-F7E5-44A6-8BCC-492B1697CCC9}.Debug|Any CPU.Build.0 = Debug|Any CPU
		{A03AADAC-F7E5-44A6-8BCC-492B1697CCC9}.Release|Any CPU.ActiveCfg = Release|Any CPU
		{A03AADAC-F7E5-44A6-8BCC-492B1697CCC9}.Release|Any CPU.Build.0 = Release|Any CPU
	EndGlobalSection
	GlobalSection(SolutionProperties) = preSolution
		HideSolutionNode = FALSE
	EndGlobalSection
	GlobalSection(ExtensibilityGlobals) = postSolution
		SolutionGuid = {FF14CDF0-EF51-448B-918C-47CD369568DF}
	EndGlobalSection
EndGlobal
